
Microsoft Visual Studio Solution File, Format Version 12.00
# Visual Studio Version 16
VisualStudioVersion = 16.0.33920.266
MinimumVisualStudioVersion = 10.0.40219.1
Project("{FAE04EC0-301F-11D3-BF4B-00C04F79EFBC}") = "ConsoleApp666", "ConsoleApp666.csproj", "{4776D665-C9E1-4966-ADB0-18409F4940AE}"
EndProject
Global
	GlobalSection(SolutionConfigurationPlatforms) = preSolution
		Debug|Any CPU = Debug|Any CPU
		Release|Any CPU = Release|Any CPU
	EndGlobalSection
	GlobalSection(ProjectConfigurationPlatforms) = postSolution
		{4776D665-C9E1-4966-ADB0-18409F4940AE}.Debug|Any CPU.ActiveCfg = Debug|Any CPU
		{4776D665-C9E1-4966-ADB0-18409F4940AE}.Debug|Any CPU.Build.0 = Debug|Any CPU
		{4776D665-C9E1-4966-ADB0-18409F4940AE}.Release|Any CPU.ActiveCfg = Release|Any CPU
		{4776D665-C9E1-4966-ADB0-18409F4940AE}.Release|Any CPU.Build.0 = Release|Any CPU
	EndGlobalSection
	GlobalSection(SolutionProperties) = preSolution
		HideSolutionNode = FALSE
	EndGlobalSection
	GlobalSection(ExtensibilityGlobals) = postSolution
		SolutionGuid = {1613E48B-BB76-4B2E-B858-B6C0A22C890B}
	EndGlobalSection
EndGlobal
